
Microsoft Visual Studio Solution File, Format Version 12.00
# Visual Studio 15
VisualStudioVersion = 15.0.26730.3
MinimumVisualStudioVersion = 10.0.40219.1
Project("{FAE04EC0-301F-11D3-BF4B-00C04F79EFBC}") = "Events System", "Events System.csproj", "{DCBAED53-8761-4043-8440-942205F39FF1}"
EndProject
Global
	GlobalSection(SolutionConfigurationPlatforms) = preSolution
		Debug|Any CPU = Debug|Any CPU
		Release|Any CPU = Release|Any CPU
	EndGlobalSection
	GlobalSection(ProjectConfigurationPlatforms) = postSolution
		{DCBAED53-8761-4043-8440-942205F39FF1}.Debug|Any CPU.ActiveCfg = Debug|Any CPU
		{DCBAED53-8761-4043-8440-942205F39FF1}.Debug|Any CPU.Build.0 = Debug|Any CPU
		{DCBAED53-8761-4043-8440-942205F39FF1}.Release|Any CPU.ActiveCfg = Release|Any CPU
		{DCBAED53-8761-4043-8440-942205F39FF1}.Release|Any CPU.Build.0 = Release|Any CPU
	EndGlobalSection
	GlobalSection(SolutionProperties) = preSolution
		HideSolutionNode = FALSE
	EndGlobalSection
	GlobalSection(ExtensibilityGlobals) = postSolution
		SolutionGuid = {30F0E41A-88DC-4241-B161-41D9B0F4AEE7}
	EndGlobalSection
EndGlobal
